
Microsoft Visual Studio Solution File, Format Version 12.00
# Visual Studio 15
VisualStudioVersion = 15.0.26430.6
MinimumVisualStudioVersion = 10.0.40219.1
Project("{FAE04EC0-301F-11D3-BF4B-00C04F79EFBC}") = "Alexandria.Base", "Alexandria\Alexandria.Base.csproj", "{25A32DE3-CE8F-4F48-A111-BEDB2A2594D3}"
EndProject
Project("{2150E333-8FDC-42A3-9474-1A3956D46DE8}") = "Libraries", "Libraries", "{574637F0-D514-46B2-A844-3358320ADCBB}"
EndProject
Project("{FAE04EC0-301F-11D3-BF4B-00C04F79EFBC}") = "Alexandria.AO3", "Alexandria.AO3\Alexandria.AO3.csproj", "{FC380674-2A3D-491A-B65C-C572E04252D4}"
EndProject
Project("{2150E333-8FDC-42A3-9474-1A3956D46DE8}") = "UnitTests", "UnitTests", "{B2A2BD62-B981-4CFD-BCAC-4D45C09156E8}"
EndProject
Project("{FAE04EC0-301F-11D3-BF4B-00C04F79EFBC}") = "Alexandria.AO3.Tests", "Alexandria.AO3.Tests\Alexandria.AO3.Tests.csproj", "{D393DC34-97D6-42A4-861D-CE7AB39753EE}"
EndProject
Project("{FAE04EC0-301F-11D3-BF4B-00C04F79EFBC}") = "Alexandria.Base.Tests", "Alexandria.Base.Tests\Alexandria.Base.Tests.csproj", "{B5001C46-9952-44E2-9942-D755079DA1F5}"
EndProject
Project("{2150E333-8FDC-42A3-9474-1A3956D46DE8}") = "Programs", "Programs", "{6D0F4000-611A-443E-9A14-CF63F1DF4876}"
EndProject
Project("{FAE04EC0-301F-11D3-BF4B-00C04F79EFBC}") = "Bibliothecary", "Bibliothecary\Bibliothecary.csproj", "{5D84CF82-6E06-44AF-B762-B6261C7F3473}"
EndProject
Project("{FAE04EC0-301F-11D3-BF4B-00C04F79EFBC}") = "Bibliothecary.Data", "Bibliothecary.Data\Bibliothecary.Data.csproj", "{4727DE96-8497-48D6-A8F3-54AB7D2D1C0A}"
EndProject
Project("{FAE04EC0-301F-11D3-BF4B-00C04F79EFBC}") = "HeadLibrarian", "HeadLibrarian\HeadLibrarian.csproj", "{59B34B81-3BF9-4236-9CA8-6F7E21B87E78}"
EndProject
Project("{FAE04EC0-301F-11D3-BF4B-00C04F79EFBC}") = "Bibliothecary.Publishing", "Bibliothecary.Publishing\Bibliothecary.Publishing.csproj", "{B2DC1F8E-DB22-4DF5-9568-72B6F29182CF}"
EndProject
Global
	GlobalSection(SolutionConfigurationPlatforms) = preSolution
		Debug|Any CPU = Debug|Any CPU
		Release|Any CPU = Release|Any CPU
	EndGlobalSection
	GlobalSection(ProjectConfigurationPlatforms) = postSolution
		{25A32DE3-CE8F-4F48-A111-BEDB2A2594D3}.Debug|Any CPU.ActiveCfg = Debug|Any CPU
		{25A32DE3-CE8F-4F48-A111-BEDB2A2594D3}.Debug|Any CPU.Build.0 = Debug|Any CPU
		{25A32DE3-CE8F-4F48-A111-BEDB2A2594D3}.Release|Any CPU.ActiveCfg = Release|Any CPU
		{25A32DE3-CE8F-4F48-A111-BEDB2A2594D3}.Release|Any CPU.Build.0 = Release|Any CPU
		{FC380674-2A3D-491A-B65C-C572E04252D4}.Debug|Any CPU.ActiveCfg = Debug|Any CPU
		{FC380674-2A3D-491A-B65C-C572E04252D4}.Debug|Any CPU.Build.0 = Debug|Any CPU
		{FC380674-2A3D-491A-B65C-C572E04252D4}.Release|Any CPU.ActiveCfg = Release|Any CPU
		{FC380674-2A3D-491A-B65C-C572E04252D4}.Release|Any CPU.Build.0 = Release|Any CPU
		{D393DC34-97D6-42A4-861D-CE7AB39753EE}.Debug|Any CPU.ActiveCfg = Debug|Any CPU
		{D393DC34-97D6-42A4-861D-CE7AB39753EE}.Debug|Any CPU.Build.0 = Debug|Any CPU
		{D393DC34-97D6-42A4-861D-CE7AB39753EE}.Release|Any CPU.ActiveCfg = Release|Any CPU
		{D393DC34-97D6-42A4-861D-CE7AB39753EE}.Release|Any CPU.Build.0 = Release|Any CPU
		{B5001C46-9952-44E2-9942-D755079DA1F5}.Debug|Any CPU.ActiveCfg = Debug|Any CPU
		{B5001C46-9952-44E2-9942-D755079DA1F5}.Debug|Any CPU.Build.0 = Debug|Any CPU
		{B5001C46-9952-44E2-9942-D755079DA1F5}.Release|Any CPU.ActiveCfg = Release|Any CPU
		{B5001C46-9952-44E2-9942-D755079DA1F5}.Release|Any CPU.Build.0 = Release|Any CPU
		{5D84CF82-6E06-44AF-B762-B6261C7F3473}.Debug|Any CPU.ActiveCfg = Debug|Any CPU
		{5D84CF82-6E06-44AF-B762-B6261C7F3473}.Debug|Any CPU.Build.0 = Debug|Any CPU
		{5D84CF82-6E06-44AF-B762-B6261C7F3473}.Release|Any CPU.ActiveCfg = Release|Any CPU
		{5D84CF82-6E06-44AF-B762-B6261C7F3473}.Release|Any CPU.Build.0 = Release|Any CPU
		{4727DE96-8497-48D6-A8F3-54AB7D2D1C0A}.Debug|Any CPU.ActiveCfg = Debug|Any CPU
		{4727DE96-8497-48D6-A8F3-54AB7D2D1C0A}.Debug|Any CPU.Build.0 = Debug|Any CPU
		{4727DE96-8497-48D6-A8F3-54AB7D2D1C0A}.Release|Any CPU.ActiveCfg = Release|Any CPU
		{4727DE96-8497-48D6-A8F3-54AB7D2D1C0A}.Release|Any CPU.Build.0 = Release|Any CPU
		{59B34B81-3BF9-4236-9CA8-6F7E21B87E78}.Debug|Any CPU.ActiveCfg = Debug|Any CPU
		{59B34B81-3BF9-4236-9CA8-6F7E21B87E78}.Debug|Any CPU.Build.0 = Debug|Any CPU
		{59B34B81-3BF9-4236-9CA8-6F7E21B87E78}.Release|Any CPU.ActiveCfg = Release|Any CPU
		{59B34B81-3BF9-4236-9CA8-6F7E21B87E78}.Release|Any CPU.Build.0 = Release|Any CPU
		{B2DC1F8E-DB22-4DF5-9568-72B6F29182CF}.Debug|Any CPU.ActiveCfg = Debug|Any CPU
		{B2DC1F8E-DB22-4DF5-9568-72B6F29182CF}.Debug|Any CPU.Build.0 = Debug|Any CPU
		{B2DC1F8E-DB22-4DF5-9568-72B6F29182CF}.Release|Any CPU.ActiveCfg = Release|Any CPU
		{B2DC1F8E-DB22-4DF5-9568-72B6F29182CF}.Release|Any CPU.Build.0 = Release|Any CPU
	EndGlobalSection
	GlobalSection(SolutionProperties) = preSolution
		HideSolutionNode = FALSE
	EndGlobalSection
	GlobalSection(NestedProjects) = preSolution
		{25A32DE3-CE8F-4F48-A111-BEDB2A2594D3} = {574637F0-D514-46B2-A844-3358320ADCBB}
		{FC380674-2A3D-491A-B65C-C572E04252D4} = {574637F0-D514-46B2-A844-3358320ADCBB}
		{D393DC34-97D6-42A4-861D-CE7AB39753EE} = {B2A2BD62-B981-4CFD-BCAC-4D45C09156E8}
		{B5001C46-9952-44E2-9942-D755079DA1F5} = {B2A2BD62-B981-4CFD-BCAC-4D45C09156E8}
		{5D84CF82-6E06-44AF-B762-B6261C7F3473} = {6D0F4000-611A-443E-9A14-CF63F1DF4876}
		{4727DE96-8497-48D6-A8F3-54AB7D2D1C0A} = {574637F0-D514-46B2-A844-3358320ADCBB}
		{59B34B81-3BF9-4236-9CA8-6F7E21B87E78} = {6D0F4000-611A-443E-9A14-CF63F1DF4876}
		{B2DC1F8E-DB22-4DF5-9568-72B6F29182CF} = {574637F0-D514-46B2-A844-3358320ADCBB}
	EndGlobalSection
EndGlobal
